// !$*UTF8*$!
{
	archiveVersion = 1;
	classes = {
	};
	objectVersion = 56;
	objects = {

/* Begin PBXBuildFile section */
		4052FC042B9525CB004B7D4E /* BLE.swift in Sources */ = {isa = PBXBuildFile; fileRef = 4052FC032B9525CB004B7D4E /* BLE.swift */; };
		4052FC0B2B95537E004B7D4E /* Measurement.swift in Sources */ = {isa = PBXBuildFile; fileRef = 4052FC0A2B95537E004B7D4E /* Measurement.swift */; };
		4052FC112B96AB8C004B7D4E /* huberman.swift in Sources */ = {isa = PBXBuildFile; fileRef = 4052FC102B96AB8C004B7D4E /* huberman.swift */; };
		4052FC192B97FA51004B7D4E /* ActivityRing.swift in Sources */ = {isa = PBXBuildFile; fileRef = 4052FC182B97FA51004B7D4E /* ActivityRing.swift */; };
		406637772B9518A100CC1E34 /* Sunlight_GlassesApp.swift in Sources */ = {isa = PBXBuildFile; fileRef = 406637762B9518A100CC1E34 /* Sunlight_GlassesApp.swift */; };
		406637792B9518A100CC1E34 /* ContentView.swift in Sources */ = {isa = PBXBuildFile; fileRef = 406637782B9518A100CC1E34 /* ContentView.swift */; };
		4066377D2B9518A300CC1E34 /* Assets.xcassets in Resources */ = {isa = PBXBuildFile; fileRef = 4066377C2B9518A300CC1E34 /* Assets.xcassets */; };
		406637802B9518A300CC1E34 /* Preview Assets.xcassets in Resources */ = {isa = PBXBuildFile; fileRef = 4066377F2B9518A300CC1E34 /* Preview Assets.xcassets */; };
/* End PBXBuildFile section */

/* Begin PBXFileReference section */
		4052FBFF2B951EC2004B7D4E /* Sunlight Glasses.entitlements */ = {isa = PBXFileReference; lastKnownFileType = text.plist.entitlements; path = "Sunlight Glasses.entitlements"; sourceTree = "<group>"; };
		4052FC002B952137004B7D4E /* Sunlight-Glasses-Info.plist */ = {isa = PBXFileReference; lastKnownFileType = text.plist; path = "Sunlight-Glasses-Info.plist"; sourceTree = SOURCE_ROOT; };
		4052FC032B9525CB004B7D4E /* BLE.swift */ = {isa = PBXFileReference; lastKnownFileType = sourcecode.swift; path = BLE.swift; sourceTree = "<group>"; };
		4052FC0A2B95537E004B7D4E /* Measurement.swift */ = {isa = PBXFileReference; lastKnownFileType = sourcecode.swift; path = Measurement.swift; sourceTree = "<group>"; };
		4052FC102B96AB8C004B7D4E /* huberman.swift */ = {isa = PBXFileReference; lastKnownFileType = sourcecode.swift; path = huberman.swift; sourceTree = "<group>"; };
		4052FC182B97FA51004B7D4E /* ActivityRing.swift */ = {isa = PBXFileReference; lastKnownFileType = sourcecode.swift; path = ActivityRing.swift; sourceTree = "<group>"; };
		406637732B9518A100CC1E34 /* Sunlight Glasses.app */ = {isa = PBXFileReference; explicitFileType = wrapper.application; includeInIndex = 0; path = "Sunlight Glasses.app"; sourceTree = BUILT_PRODUCTS_DIR; };
		406637762B9518A100CC1E34 /* Sunlight_GlassesApp.swift */ = {isa = PBXFileReference; lastKnownFileType = sourcecode.swift; path = Sunlight_GlassesApp.swift; sourceTree = "<group>"; };
		406637782B9518A100CC1E34 /* ContentView.swift */ = {isa = PBXFileReference; lastKnownFileType = sourcecode.swift; path = ContentView.swift; sourceTree = "<group>"; };
		4066377C2B9518A300CC1E34 /* Assets.xcassets */ = {isa = PBXFileReference; lastKnownFileType = folder.assetcatalog; path = Assets.xcassets; sourceTree = "<group>"; };
		4066377F2B9518A300CC1E34 /* Preview Assets.xcassets */ = {isa = PBXFileReference; lastKnownFileType = folder.assetcatalog; path = "Preview Assets.xcassets"; sourceTree = "<group>"; };
/* End PBXFileReference section */

/* Begin PBXFrameworksBuildPhase section */
		406637702B9518A100CC1E34 /* Frameworks */ = {
			isa = PBXFrameworksBuildPhase;
			buildActionMask = 2147483647;
			files = (
			);
			runOnlyForDeploymentPostprocessing = 0;
		};
/* End PBXFrameworksBuildPhase section */

/* Begin PBXGroup section */
		4066376A2B9518A100CC1E34 = {
			isa = PBXGroup;
			children = (
				4052FC0A2B95537E004B7D4E /* Measurement.swift */,
				406637752B9518A100CC1E34 /* Sunlight Glasses */,
				406637742B9518A100CC1E34 /* Products */,
			);
			sourceTree = "<group>";
		};
		406637742B9518A100CC1E34 /* Products */ = {
			isa = PBXGroup;
			children = (
				406637732B9518A100CC1E34 /* Sunlight Glasses.app */,
			);
			name = Products;
			sourceTree = "<group>";
		};
		406637752B9518A100CC1E34 /* Sunlight Glasses */ = {
			isa = PBXGroup;
			children = (
				4052FC002B952137004B7D4E /* Sunlight-Glasses-Info.plist */,
				4052FBFF2B951EC2004B7D4E /* Sunlight Glasses.entitlements */,
				406637762B9518A100CC1E34 /* Sunlight_GlassesApp.swift */,
				406637782B9518A100CC1E34 /* ContentView.swift */,
				4052FC182B97FA51004B7D4E /* ActivityRing.swift */,
				4066377C2B9518A300CC1E34 /* Assets.xcassets */,
				4066377E2B9518A300CC1E34 /* Preview Content */,
				4052FC032B9525CB004B7D4E /* BLE.swift */,
				4052FC102B96AB8C004B7D4E /* huberman.swift */,
			);
			path = "Sunlight Glasses";
			sourceTree = "<group>";
		};
		4066377E2B9518A300CC1E34 /* Preview Content */ = {
			isa = PBXGroup;
			children = (
				4066377F2B9518A300CC1E34 /* Preview Assets.xcassets */,
			);
			path = "Preview Content";
			sourceTree = "<group>";
		};
/* End PBXGroup section */

/* Begin PBXNativeTarget section */
		406637722B9518A100CC1E34 /* Sunlight Glasses */ = {
			isa = PBXNativeTarget;
			buildConfigurationList = 406637832B9518A300CC1E34 /* Build configuration list for PBXNativeTarget "Sunlight Glasses" */;
			buildPhases = (
				4066376F2B9518A100CC1E34 /* Sources */,
				406637702B9518A100CC1E34 /* Frameworks */,
				406637712B9518A100CC1E34 /* Resources */,
			);
			buildRules = (
			);
			dependencies = (
			);
			name = "Sunlight Glasses";
			packageProductDependencies = (
			);
			productName = "Sunlight Glasses";
			productReference = 406637732B9518A100CC1E34 /* Sunlight Glasses.app */;
			productType = "com.apple.product-type.application";
		};
/* End PBXNativeTarget section */

/* Begin PBXProject section */
		4066376B2B9518A100CC1E34 /* Project object */ = {
			isa = PBXProject;
			attributes = {
				BuildIndependentTargetsInParallel = YES;
				LastSwiftUpdateCheck = 1520;
				LastUpgradeCheck = 1520;
				TargetAttributes = {
					406637722B9518A100CC1E34 = {
						CreatedOnToolsVersion = 15.2;
					};
				};
			};
			buildConfigurationList = 4066376E2B9518A100CC1E34 /* Build configuration list for PBXProject "Sunlight Glasses" */;
			compatibilityVersion = "Xcode 14.0";
			developmentRegion = en;
			hasScannedForEncodings = 0;
			knownRegions = (
				en,
				Base,
			);
			mainGroup = 4066376A2B9518A100CC1E34;
			packageReferences = (
			);
			productRefGroup = 406637742B9518A100CC1E34 /* Products */;
			projectDirPath = "";
			projectRoot = "";
			targets = (
				406637722B9518A100CC1E34 /* Sunlight Glasses */,
			);
		};
/* End PBXProject section */

/* Begin PBXResourcesBuildPhase section */
		406637712B9518A100CC1E34 /* Resources */ = {
			isa = PBXResourcesBuildPhase;
			buildActionMask = 2147483647;
			files = (
				406637802B9518A300CC1E34 /* Preview Assets.xcassets in Resources */,
				4066377D2B9518A300CC1E34 /* Assets.xcassets in Resources */,
			);
			runOnlyForDeploymentPostprocessing = 0;
		};
/* End PBXResourcesBuildPhase section */

/* Begin PBXSourcesBuildPhase section */
		4066376F2B9518A100CC1E34 /* Sources */ = {
			isa = PBXSourcesBuildPhase;
			buildActionMask = 2147483647;
			files = (
				406637792B9518A100CC1E34 /* ContentView.swift in Sources */,
				4052FC112B96AB8C004B7D4E /* huberman.swift in Sources */,
				4052FC192B97FA51004B7D4E /* ActivityRing.swift in Sources */,
				4052FC042B9525CB004B7D4E /* BLE.swift in Sources */,
				406637772B9518A100CC1E34 /* Sunlight_GlassesApp.swift in Sources */,
				4052FC0B2B95537E004B7D4E /* Measurement.swift in Sources */,
			);
			runOnlyForDeploymentPostprocessing = 0;
		};
/* End PBXSourcesBuildPhase section */

/* Begin XCBuildConfiguration section */
		406637812B9518A300CC1E34 /* Debug */ = {
			isa = XCBuildConfiguration;
			buildSettings = {
				ALWAYS_SEARCH_USER_PATHS = NO;
				ASSETCATALOG_COMPILER_GENERATE_SWIFT_ASSET_SYMBOL_EXTENSIONS = YES;
				CLANG_ANALYZER_NONNULL = YES;
				CLANG_ANALYZER_NUMBER_OBJECT_CONVERSION = YES_AGGRESSIVE;
				CLANG_CXX_LANGUAGE_STANDARD = "gnu++20";
				CLANG_ENABLE_MODULES = YES;
				CLANG_ENABLE_OBJC_ARC = YES;
				CLANG_ENABLE_OBJC_WEAK = YES;
				CLANG_WARN_BLOCK_CAPTURE_AUTORELEASING = YES;
				CLANG_WARN_BOOL_CONVERSION = YES;
				CLANG_WARN_COMMA = YES;
				CLANG_WARN_CONSTANT_CONVERSION = YES;
				CLANG_WARN_DEPRECATED_OBJC_IMPLEMENTATIONS = YES;
				CLANG_WARN_DIRECT_OBJC_ISA_USAGE = YES_ERROR;
				CLANG_WARN_DOCUMENTATION_COMMENTS = YES;
				CLANG_WARN_EMPTY_BODY = YES;
				CLANG_WARN_ENUM_CONVERSION = YES;
				CLANG_WARN_INFINITE_RECURSION = YES;
				CLANG_WARN_INT_CONVERSION = YES;
				CLANG_WARN_NON_LITERAL_NULL_CONVERSION = YES;
				CLANG_WARN_OBJC_IMPLICIT_RETAIN_SELF = YES;
				CLANG_WARN_OBJC_LITERAL_CONVERSION = YES;
				CLANG_WARN_OBJC_ROOT_CLASS = YES_ERROR;
				CLANG_WARN_QUOTED_INCLUDE_IN_FRAMEWORK_HEADER = YES;
				CLANG_WARN_RANGE_LOOP_ANALYSIS = YES;
				CLANG_WARN_STRICT_PROTOTYPES = YES;
				CLANG_WARN_SUSPICIOUS_MOVE = YES;
				CLANG_WARN_UNGUARDED_AVAILABILITY = YES_AGGRESSIVE;
				CLANG_WARN_UNREACHABLE_CODE = YES;
				CLANG_WARN__DUPLICATE_METHOD_MATCH = YES;
				COPY_PHASE_STRIP = NO;
				DEBUG_INFORMATION_FORMAT = dwarf;
				ENABLE_STRICT_OBJC_MSGSEND = YES;
				ENABLE_TESTABILITY = YES;
				ENABLE_USER_SCRIPT_SANDBOXING = YES;
				GCC_C_LANGUAGE_STANDARD = gnu17;
				GCC_DYNAMIC_NO_PIC = NO;
				GCC_NO_COMMON_BLOCKS = YES;
				GCC_OPTIMIZATION_LEVEL = 0;
				"GCC_OPTIMIZATION_LEVEL[arch=*]" = 0;
				GCC_PREPROCESSOR_DEFINITIONS = (
					"DEBUG=1",
					"$(inherited)",
				);
				GCC_WARN_64_TO_32_BIT_CONVERSION = YES;
				GCC_WARN_ABOUT_RETURN_TYPE = YES_ERROR;
				GCC_WARN_UNDECLARED_SELECTOR = YES;
				GCC_WARN_UNINITIALIZED_AUTOS = YES_AGGRESSIVE;
				GCC_WARN_UNUSED_FUNCTION = YES;
				GCC_WARN_UNUSED_VARIABLE = YES;
				INFOPLIST_KEY_NSBluetoothAlwaysUsageDescription = "";
				IPHONEOS_DEPLOYMENT_TARGET = 17.2;
				LOCALIZATION_PREFERS_STRING_CATALOGS = YES;
				MTL_ENABLE_DEBUG_INFO = INCLUDE_SOURCE;
				MTL_FAST_MATH = YES;
				ONLY_ACTIVE_ARCH = YES;
				SDKROOT = iphoneos;
				SWIFT_ACTIVE_COMPILATION_CONDITIONS = "DEBUG $(inherited)";
				SWIFT_OPTIMIZATION_LEVEL = "-Onone";
			};
			name = Debug;
		};
		406637822B9518A300CC1E34 /* Release */ = {
			isa = XCBuildConfiguration;
			buildSettings = {
				ALWAYS_SEARCH_USER_PATHS = NO;
				ASSETCATALOG_COMPILER_GENERATE_SWIFT_ASSET_SYMBOL_EXTENSIONS = YES;
				CLANG_ANALYZER_NONNULL = YES;
				CLANG_ANALYZER_NUMBER_OBJECT_CONVERSION = YES_AGGRESSIVE;
				CLANG_CXX_LANGUAGE_STANDARD = "gnu++20";
				CLANG_ENABLE_MODULES = YES;
				CLANG_ENABLE_OBJC_ARC = YES;
				CLANG_ENABLE_OBJC_WEAK = YES;
				CLANG_WARN_BLOCK_CAPTURE_AUTORELEASING = YES;
				CLANG_WARN_BOOL_CONVERSION = YES;
				CLANG_WARN_COMMA = YES;
				CLANG_WARN_CONSTANT_CONVERSION = YES;
				CLANG_WARN_DEPRECATED_OBJC_IMPLEMENTATIONS = YES;
				CLANG_WARN_DIRECT_OBJC_ISA_USAGE = YES_ERROR;
				CLANG_WARN_DOCUMENTATION_COMMENTS = YES;
				CLANG_WARN_EMPTY_BODY = YES;
				CLANG_WARN_ENUM_CONVERSION = YES;
				CLANG_WARN_INFINITE_RECURSION = YES;
				CLANG_WARN_INT_CONVERSION = YES;
				CLANG_WARN_NON_LITERAL_NULL_CONVERSION = YES;
				CLANG_WARN_OBJC_IMPLICIT_RETAIN_SELF = YES;
				CLANG_WARN_OBJC_LITERAL_CONVERSION = YES;
				CLANG_WARN_OBJC_ROOT_CLASS = YES_ERROR;
				CLANG_WARN_QUOTED_INCLUDE_IN_FRAMEWORK_HEADER = YES;
				CLANG_WARN_RANGE_LOOP_ANALYSIS = YES;
				CLANG_WARN_STRICT_PROTOTYPES = YES;
				CLANG_WARN_SUSPICIOUS_MOVE = YES;
				CLANG_WARN_UNGUARDED_AVAILABILITY = YES_AGGRESSIVE;
				CLANG_WARN_UNREACHABLE_CODE = YES;
				CLANG_WARN__DUPLICATE_METHOD_MATCH = YES;
				COPY_PHASE_STRIP = NO;
				DEBUG_INFORMATION_FORMAT = "dwarf-with-dsym";
				ENABLE_NS_ASSERTIONS = NO;
				ENABLE_STRICT_OBJC_MSGSEND = YES;
				ENABLE_USER_SCRIPT_SANDBOXING = YES;
				GCC_C_LANGUAGE_STANDARD = gnu17;
				GCC_NO_COMMON_BLOCKS = YES;
				GCC_WARN_64_TO_32_BIT_CONVERSION = YES;
				GCC_WARN_ABOUT_RETURN_TYPE = YES_ERROR;
				GCC_WARN_UNDECLARED_SELECTOR = YES;
				GCC_WARN_UNINITIALIZED_AUTOS = YES_AGGRESSIVE;
				GCC_WARN_UNUSED_FUNCTION = YES;
				GCC_WARN_UNUSED_VARIABLE = YES;
				INFOPLIST_KEY_NSBluetoothAlwaysUsageDescription = "";
				IPHONEOS_DEPLOYMENT_TARGET = 17.2;
				LOCALIZATION_PREFERS_STRING_CATALOGS = YES;
				MTL_ENABLE_DEBUG_INFO = NO;
				MTL_FAST_MATH = YES;
				SDKROOT = iphoneos;
				SWIFT_COMPILATION_MODE = wholemodule;
				VALIDATE_PRODUCT = YES;
			};
			name = Release;
		};
		406637842B9518A300CC1E34 /* Debug */ = {
			isa = XCBuildConfiguration;
			buildSettings = {
				ASSETCATALOG_COMPILER_APPICON_NAME = AppIcon;
				ASSETCATALOG_COMPILER_GLOBAL_ACCENT_COLOR_NAME = AccentColor;
				CODE_SIGN_ENTITLEMENTS = "Sunlight Glasses/Sunlight Glasses.entitlements";
				CODE_SIGN_STYLE = Automatic;
				CURRENT_PROJECT_VERSION = 1;
				DEVELOPMENT_ASSET_PATHS = "\"Sunlight Glasses/Preview Content\"";
				DEVELOPMENT_TEAM = 5BW34T25A5;
				ENABLE_PREVIEWS = YES;
				GENERATE_INFOPLIST_FILE = YES;
				INFOPLIST_FILE = "Sunlight-Glasses-Info.plist";
				INFOPLIST_KEY_NSBluetoothAlwaysUsageDescription = "App needs bluetooth access to connect to nearby devices.";
				INFOPLIST_KEY_UIApplicationSceneManifest_Generation = YES;
				INFOPLIST_KEY_UIApplicationSupportsIndirectInputEvents = YES;
				INFOPLIST_KEY_UILaunchScreen_Generation = YES;
				INFOPLIST_KEY_UISupportedInterfaceOrientations_iPad = "UIInterfaceOrientationPortrait UIInterfaceOrientationPortraitUpsideDown UIInterfaceOrientationLandscapeLeft UIInterfaceOrientationLandscapeRight";
				INFOPLIST_KEY_UISupportedInterfaceOrientations_iPhone = "UIInterfaceOrientationPortrait UIInterfaceOrientationLandscapeLeft UIInterfaceOrientationLandscapeRight";
				LD_RUNPATH_SEARCH_PATHS = (
					"$(inherited)",
					"@executable_path/Frameworks",
				);
				MARKETING_VERSION = 1.0;
				PRODUCT_BUNDLE_IDENTIFIER = "bennett.dave.Sunlight-Glasses";
				PRODUCT_NAME = "$(TARGET_NAME)";
				SWIFT_EMIT_LOC_STRINGS = YES;
				SWIFT_VERSION = 5.0;
				TARGETED_DEVICE_FAMILY = "1,2";
			};
			name = Debug;
		};
		406637852B9518A300CC1E34 /* Release */ = {
			isa = XCBuildConfiguration;
			buildSettings = {
				ASSETCATALOG_COMPILER_APPICON_NAME = AppIcon;
				ASSETCATALOG_COMPILER_GLOBAL_ACCENT_COLOR_NAME = AccentColor;
				CODE_SIGN_ENTITLEMENTS = "Sunlight Glasses/Sunlight Glasses.entitlements";
				CODE_SIGN_STYLE = Automatic;
				CURRENT_PROJECT_VERSION = 1;
				DEVELOPMENT_ASSET_PATHS = "\"Sunlight Glasses/Preview Content\"";
				DEVELOPMENT_TEAM = 5BW34T25A5;
				ENABLE_PREVIEWS = YES;
				GENERATE_INFOPLIST_FILE = YES;
				INFOPLIST_FILE = "Sunlight-Glasses-Info.plist";
				INFOPLIST_KEY_NSBluetoothAlwaysUsageDescription = "App needs bluetooth access to connect to nearby devices.";
				INFOPLIST_KEY_UIApplicationSceneManifest_Generation = YES;
				INFOPLIST_KEY_UIApplicationSupportsIndirectInputEvents = YES;
				INFOPLIST_KEY_UILaunchScreen_Generation = YES;
				INFOPLIST_KEY_UISupportedInterfaceOrientations_iPad = "UIInterfaceOrientationPortrait UIInterfaceOrientationPortraitUpsideDown UIInterfaceOrientationLandscapeLeft UIInterfaceOrientationLandscapeRight";
				INFOPLIST_KEY_UISupportedInterfaceOrientations_iPhone = "UIInterfaceOrientationPortrait UIInterfaceOrientationLandscapeLeft UIInterfaceOrientationLandscapeRight";
				LD_RUNPATH_SEARCH_PATHS = (
					"$(inherited)",
					"@executable_path/Frameworks",
				);
				MARKETING_VERSION = 1.0;
				PRODUCT_BUNDLE_IDENTIFIER = "bennett.dave.Sunlight-Glasses";
				PRODUCT_NAME = "$(TARGET_NAME)";
				SWIFT_EMIT_LOC_STRINGS = YES;
				SWIFT_VERSION = 5.0;
				TARGETED_DEVICE_FAMILY = "1,2";
			};
			name = Release;
		};
/* End XCBuildConfiguration section */

/* Begin XCConfigurationList section */
		4066376E2B9518A100CC1E34 /* Build configuration list for PBXProject "Sunlight Glasses" */ = {
			isa = XCConfigurationList;
			buildConfigurations = (
				406637812B9518A300CC1E34 /* Debug */,
				406637822B9518A300CC1E34 /* Release */,
			);
			defaultConfigurationIsVisible = 0;
			defaultConfigurationName = Release;
		};
		406637832B9518A300CC1E34 /* Build configuration list for PBXNativeTarget "Sunlight Glasses" */ = {
			isa = XCConfigurationList;
			buildConfigurations = (
				406637842B9518A300CC1E34 /* Debug */,
				406637852B9518A300CC1E34 /* Release */,
			);
			defaultConfigurationIsVisible = 0;
			defaultConfigurationName = Release;
		};
/* End XCConfigurationList section */
	};
	rootObject = 4066376B2B9518A100CC1E34 /* Project object */;
}
